// !$*UTF8*$!
{
	archiveVersion = 1;
	classes = {
	};
	objectVersion = 50;
	objects = {

/* Begin PBXBuildFile section */
		773DA93D238CB9D0009333A0 /* AppDelegate.swift in Sources */ = {isa = PBXBuildFile; fileRef = 773DA93C238CB9D0009333A0 /* AppDelegate.swift */; };
		773DA93F238CB9D0009333A0 /* SceneDelegate.swift in Sources */ = {isa = PBXBuildFile; fileRef = 773DA93E238CB9D0009333A0 /* SceneDelegate.swift */; };
		773DA941238CB9D0009333A0 /* ViewController.swift in Sources */ = {isa = PBXBuildFile; fileRef = 773DA940238CB9D0009333A0 /* ViewController.swift */; };
		773DA944238CB9D0009333A0 /* Main.storyboard in Resources */ = {isa = PBXBuildFile; fileRef = 773DA942238CB9D0009333A0 /* Main.storyboard */; };
		773DA946238CB9D1009333A0 /* Assets.xcassets in Resources */ = {isa = PBXBuildFile; fileRef = 773DA945238CB9D1009333A0 /* Assets.xcassets */; };
		773DA949238CB9D1009333A0 /* LaunchScreen.storyboard in Resources */ = {isa = PBXBuildFile; fileRef = 773DA947238CB9D1009333A0 /* LaunchScreen.storyboard */; };
		773DA951238CC10A009333A0 /* customeCell.swift in Sources */ = {isa = PBXBuildFile; fileRef = 773DA950238CC10A009333A0 /* customeCell.swift */; };
		773DA958238CDC5F009333A0 /* DetailVC.swift in Sources */ = {isa = PBXBuildFile; fileRef = 773DA957238CDC5F009333A0 /* DetailVC.swift */; };
		773DA95C238CF144009333A0 /* skalenton.swift in Sources */ = {isa = PBXBuildFile; fileRef = 773DA95B238CF144009333A0 /* skalenton.swift */; };
		773DA95E238CF1DB009333A0 /* SetData.swift in Sources */ = {isa = PBXBuildFile; fileRef = 773DA95D238CF1DB009333A0 /* SetData.swift */; };
/* End PBXBuildFile section */

/* Begin PBXFileReference section */
		773DA939238CB9D0009333A0 /* UnKnown Project.app */ = {isa = PBXFileReference; explicitFileType = wrapper.application; includeInIndex = 0; path = "UnKnown Project.app"; sourceTree = BUILT_PRODUCTS_DIR; };
		773DA93C238CB9D0009333A0 /* AppDelegate.swift */ = {isa = PBXFileReference; lastKnownFileType = sourcecode.swift; path = AppDelegate.swift; sourceTree = "<group>"; };
		773DA93E238CB9D0009333A0 /* SceneDelegate.swift */ = {isa = PBXFileReference; lastKnownFileType = sourcecode.swift; path = SceneDelegate.swift; sourceTree = "<group>"; };
		773DA940238CB9D0009333A0 /* ViewController.swift */ = {isa = PBXFileReference; lastKnownFileType = sourcecode.swift; path = ViewController.swift; sourceTree = "<group>"; };
		773DA943238CB9D0009333A0 /* Base */ = {isa = PBXFileReference; lastKnownFileType = file.storyboard; name = Base; path = Base.lproj/Main.storyboard; sourceTree = "<group>"; };
		773DA945238CB9D1009333A0 /* Assets.xcassets */ = {isa = PBXFileReference; lastKnownFileType = folder.assetcatalog; path = Assets.xcassets; sourceTree = "<group>"; };
		773DA948238CB9D1009333A0 /* Base */ = {isa = PBXFileReference; lastKnownFileType = file.storyboard; name = Base; path = Base.lproj/LaunchScreen.storyboard; sourceTree = "<group>"; };
		773DA94A238CB9D1009333A0 /* Info.plist */ = {isa = PBXFileReference; lastKnownFileType = text.plist.xml; path = Info.plist; sourceTree = "<group>"; };
		773DA950238CC10A009333A0 /* customeCell.swift */ = {isa = PBXFileReference; lastKnownFileType = sourcecode.swift; path = customeCell.swift; sourceTree = "<group>"; };
		773DA957238CDC5F009333A0 /* DetailVC.swift */ = {isa = PBXFileReference; lastKnownFileType = sourcecode.swift; path = DetailVC.swift; sourceTree = "<group>"; };
		773DA95B238CF144009333A0 /* skalenton.swift */ = {isa = PBXFileReference; lastKnownFileType = sourcecode.swift; path = skalenton.swift; sourceTree = "<group>"; };
		773DA95D238CF1DB009333A0 /* SetData.swift */ = {isa = PBXFileReference; lastKnownFileType = sourcecode.swift; path = SetData.swift; sourceTree = "<group>"; };
/* End PBXFileReference section */

/* Begin PBXFrameworksBuildPhase section */
		773DA936238CB9D0009333A0 /* Frameworks */ = {
			isa = PBXFrameworksBuildPhase;
			buildActionMask = 2147483647;
			files = (
			);
			runOnlyForDeploymentPostprocessing = 0;
		};
/* End PBXFrameworksBuildPhase section */

/* Begin PBXGroup section */
		773DA930238CB9D0009333A0 = {
			isa = PBXGroup;
			children = (
				773DA93B238CB9D0009333A0 /* UnKnown Project */,
				773DA93A238CB9D0009333A0 /* Products */,
			);
			sourceTree = "<group>";
		};
		773DA93A238CB9D0009333A0 /* Products */ = {
			isa = PBXGroup;
			children = (
				773DA939238CB9D0009333A0 /* UnKnown Project.app */,
			);
			name = Products;
			sourceTree = "<group>";
		};
		773DA93B238CB9D0009333A0 /* UnKnown Project */ = {
			isa = PBXGroup;
			children = (
				773DA93C238CB9D0009333A0 /* AppDelegate.swift */,
				773DA93E238CB9D0009333A0 /* SceneDelegate.swift */,
				773DA954238CC20E009333A0 /* Model */,
				773DA952238CC1ED009333A0 /* View */,
				773DA953238CC1F4009333A0 /* Controller */,
				773DA945238CB9D1009333A0 /* Assets.xcassets */,
				773DA947238CB9D1009333A0 /* LaunchScreen.storyboard */,
				773DA94A238CB9D1009333A0 /* Info.plist */,
			);
			path = "UnKnown Project";
			sourceTree = "<group>";
		};
		773DA952238CC1ED009333A0 /* View */ = {
			isa = PBXGroup;
			children = (
				773DA942238CB9D0009333A0 /* Main.storyboard */,
				773DA950238CC10A009333A0 /* customeCell.swift */,
			);
			path = View;
			sourceTree = "<group>";
		};
		773DA953238CC1F4009333A0 /* Controller */ = {
			isa = PBXGroup;
			children = (
				773DA940238CB9D0009333A0 /* ViewController.swift */,
				773DA957238CDC5F009333A0 /* DetailVC.swift */,
			);
			path = Controller;
			sourceTree = "<group>";
		};
		773DA954238CC20E009333A0 /* Model */ = {
			isa = PBXGroup;
			children = (
				773DA95B238CF144009333A0 /* skalenton.swift */,
				773DA95D238CF1DB009333A0 /* SetData.swift */,
			);
			path = Model;
			sourceTree = "<group>";
		};
/* End PBXGroup section */

/* Begin PBXNativeTarget section */
		773DA938238CB9D0009333A0 /* UnKnown Project */ = {
			isa = PBXNativeTarget;
			buildConfigurationList = 773DA94D238CB9D1009333A0 /* Build configuration list for PBXNativeTarget "UnKnown Project" */;
			buildPhases = (
				773DA935238CB9D0009333A0 /* Sources */,
				773DA936238CB9D0009333A0 /* Frameworks */,
				773DA937238CB9D0009333A0 /* Resources */,
			);
			buildRules = (
			);
			dependencies = (
			);
			name = "UnKnown Project";
			productName = "UnKnown Project";
			productReference = 773DA939238CB9D0009333A0 /* UnKnown Project.app */;
			productType = "com.apple.product-type.application";
		};
/* End PBXNativeTarget section */

/* Begin PBXProject section */
		773DA931238CB9D0009333A0 /* Project object */ = {
			isa = PBXProject;
			attributes = {
				LastSwiftUpdateCheck = 1120;
				LastUpgradeCheck = 1120;
				ORGANIZATIONNAME = "Mo Drame";
				TargetAttributes = {
					773DA938238CB9D0009333A0 = {
						CreatedOnToolsVersion = 11.2.1;
					};
				};
			};
			buildConfigurationList = 773DA934238CB9D0009333A0 /* Build configuration list for PBXProject "UnKnown Project" */;
			compatibilityVersion = "Xcode 9.3";
			developmentRegion = en;
			hasScannedForEncodings = 0;
			knownRegions = (
				en,
				Base,
			);
			mainGroup = 773DA930238CB9D0009333A0;
			productRefGroup = 773DA93A238CB9D0009333A0 /* Products */;
			projectDirPath = "";
			projectRoot = "";
			targets = (
				773DA938238CB9D0009333A0 /* UnKnown Project */,
			);
		};
/* End PBXProject section */

/* Begin PBXResourcesBuildPhase section */
		773DA937238CB9D0009333A0 /* Resources */ = {
			isa = PBXResourcesBuildPhase;
			buildActionMask = 2147483647;
			files = (
				773DA949238CB9D1009333A0 /* LaunchScreen.storyboard in Resources */,
				773DA946238CB9D1009333A0 /* Assets.xcassets in Resources */,
				773DA944238CB9D0009333A0 /* Main.storyboard in Resources */,
			);
			runOnlyForDeploymentPostprocessing = 0;
		};
/* End PBXResourcesBuildPhase section */

/* Begin PBXSourcesBuildPhase section */
		773DA935238CB9D0009333A0 /* Sources */ = {
			isa = PBXSourcesBuildPhase;
			buildActionMask = 2147483647;
			files = (
				773DA958238CDC5F009333A0 /* DetailVC.swift in Sources */,
				773DA95C238CF144009333A0 /* skalenton.swift in Sources */,
				773DA951238CC10A009333A0 /* customeCell.swift in Sources */,
				773DA941238CB9D0009333A0 /* ViewController.swift in Sources */,
				773DA93D238CB9D0009333A0 /* AppDelegate.swift in Sources */,
				773DA95E238CF1DB009333A0 /* SetData.swift in Sources */,
				773DA93F238CB9D0009333A0 /* SceneDelegate.swift in Sources */,
			);
			runOnlyForDeploymentPostprocessing = 0;
		};
/* End PBXSourcesBuildPhase section */

/* Begin PBXVariantGroup section */
		773DA942238CB9D0009333A0 /* Main.storyboard */ = {
			isa = PBXVariantGroup;
			children = (
				773DA943238CB9D0009333A0 /* Base */,
			);
			name = Main.storyboard;
			sourceTree = "<group>";
		};
		773DA947238CB9D1009333A0 /* LaunchScreen.storyboard */ = {
			isa = PBXVariantGroup;
			children = (
				773DA948238CB9D1009333A0 /* Base */,
			);
			name = LaunchScreen.storyboard;
			sourceTree = "<group>";
		};
/* End PBXVariantGroup section */

/* Begin XCBuildConfiguration section */
		773DA94B238CB9D1009333A0 /* Debug */ = {
			isa = XCBuildConfiguration;
			buildSettings = {
				ALWAYS_SEARCH_USER_PATHS = NO;
				CLANG_ANALYZER_NONNULL = YES;
				CLANG_ANALYZER_NUMBER_OBJECT_CONVERSION = YES_AGGRESSIVE;
				CLANG_CXX_LANGUAGE_STANDARD = "gnu++14";
				CLANG_CXX_LIBRARY = "libc++";
				CLANG_ENABLE_MODULES = YES;
				CLANG_ENABLE_OBJC_ARC = YES;
				CLANG_ENABLE_OBJC_WEAK = YES;
				CLANG_WARN_BLOCK_CAPTURE_AUTORELEASING = YES;
				CLANG_WARN_BOOL_CONVERSION = YES;
				CLANG_WARN_COMMA = YES;
				CLANG_WARN_CONSTANT_CONVERSION = YES;
				CLANG_WARN_DEPRECATED_OBJC_IMPLEMENTATIONS = YES;
				CLANG_WARN_DIRECT_OBJC_ISA_USAGE = YES_ERROR;
				CLANG_WARN_DOCUMENTATION_COMMENTS = YES;
				CLANG_WARN_EMPTY_BODY = YES;
				CLANG_WARN_ENUM_CONVERSION = YES;
				CLANG_WARN_INFINITE_RECURSION = YES;
				CLANG_WARN_INT_CONVERSION = YES;
				CLANG_WARN_NON_LITERAL_NULL_CONVERSION = YES;
				CLANG_WARN_OBJC_IMPLICIT_RETAIN_SELF = YES;
				CLANG_WARN_OBJC_LITERAL_CONVERSION = YES;
				CLANG_WARN_OBJC_ROOT_CLASS = YES_ERROR;
				CLANG_WARN_RANGE_LOOP_ANALYSIS = YES;
				CLANG_WARN_STRICT_PROTOTYPES = YES;
				CLANG_WARN_SUSPICIOUS_MOVE = YES;
				CLANG_WARN_UNGUARDED_AVAILABILITY = YES_AGGRESSIVE;
				CLANG_WARN_UNREACHABLE_CODE = YES;
				CLANG_WARN__DUPLICATE_METHOD_MATCH = YES;
				COPY_PHASE_STRIP = NO;
				DEBUG_INFORMATION_FORMAT = dwarf;
				ENABLE_STRICT_OBJC_MSGSEND = YES;
				ENABLE_TESTABILITY = YES;
				GCC_C_LANGUAGE_STANDARD = gnu11;
				GCC_DYNAMIC_NO_PIC = NO;
				GCC_NO_COMMON_BLOCKS = YES;
				GCC_OPTIMIZATION_LEVEL = 0;
				GCC_PREPROCESSOR_DEFINITIONS = (
					"DEBUG=1",
					"$(inherited)",
				);
				GCC_WARN_64_TO_32_BIT_CONVERSION = YES;
				GCC_WARN_ABOUT_RETURN_TYPE = YES_ERROR;
				GCC_WARN_UNDECLARED_SELECTOR = YES;
				GCC_WARN_UNINITIALIZED_AUTOS = YES_AGGRESSIVE;
				GCC_WARN_UNUSED_FUNCTION = YES;
				GCC_WARN_UNUSED_VARIABLE = YES;
				IPHONEOS_DEPLOYMENT_TARGET = 13.2;
				MTL_ENABLE_DEBUG_INFO = INCLUDE_SOURCE;
				MTL_FAST_MATH = YES;
				ONLY_ACTIVE_ARCH = YES;
				SDKROOT = iphoneos;
				SWIFT_ACTIVE_COMPILATION_CONDITIONS = DEBUG;
				SWIFT_OPTIMIZATION_LEVEL = "-Onone";
			};
			name = Debug;
		};
		773DA94C238CB9D1009333A0 /* Release */ = {
			isa = XCBuildConfiguration;
			buildSettings = {
				ALWAYS_SEARCH_USER_PATHS = NO;
				CLANG_ANALYZER_NONNULL = YES;
				CLANG_ANALYZER_NUMBER_OBJECT_CONVERSION = YES_AGGRESSIVE;
				CLANG_CXX_LANGUAGE_STANDARD = "gnu++14";
				CLANG_CXX_LIBRARY = "libc++";
				CLANG_ENABLE_MODULES = YES;
				CLANG_ENABLE_OBJC_ARC = YES;
				CLANG_ENABLE_OBJC_WEAK = YES;
				CLANG_WARN_BLOCK_CAPTURE_AUTORELEASING = YES;
				CLANG_WARN_BOOL_CONVERSION = YES;
				CLANG_WARN_COMMA = YES;
				CLANG_WARN_CONSTANT_CONVERSION = YES;
				CLANG_WARN_DEPRECATED_OBJC_IMPLEMENTATIONS = YES;
				CLANG_WARN_DIRECT_OBJC_ISA_USAGE = YES_ERROR;
				CLANG_WARN_DOCUMENTATION_COMMENTS = YES;
				CLANG_WARN_EMPTY_BODY = YES;
				CLANG_WARN_ENUM_CONVERSION = YES;
				CLANG_WARN_INFINITE_RECURSION = YES;
				CLANG_WARN_INT_CONVERSION = YES;
				CLANG_WARN_NON_LITERAL_NULL_CONVERSION = YES;
				CLANG_WARN_OBJC_IMPLICIT_RETAIN_SELF = YES;
				CLANG_WARN_OBJC_LITERAL_CONVERSION = YES;
				CLANG_WARN_OBJC_ROOT_CLASS = YES_ERROR;
				CLANG_WARN_RANGE_LOOP_ANALYSIS = YES;
				CLANG_WARN_STRICT_PROTOTYPES = YES;
				CLANG_WARN_SUSPICIOUS_MOVE = YES;
				CLANG_WARN_UNGUARDED_AVAILABILITY = YES_AGGRESSIVE;
				CLANG_WARN_UNREACHABLE_CODE = YES;
				CLANG_WARN__DUPLICATE_METHOD_MATCH = YES;
				COPY_PHASE_STRIP = NO;
				DEBUG_INFORMATION_FORMAT = "dwarf-with-dsym";
				ENABLE_NS_ASSERTIONS = NO;
				ENABLE_STRICT_OBJC_MSGSEND = YES;
				GCC_C_LANGUAGE_STANDARD = gnu11;
				GCC_NO_COMMON_BLOCKS = YES;
				GCC_WARN_64_TO_32_BIT_CONVERSION = YES;
				GCC_WARN_ABOUT_RETURN_TYPE = YES_ERROR;
				GCC_WARN_UNDECLARED_SELECTOR = YES;
				GCC_WARN_UNINITIALIZED_AUTOS = YES_AGGRESSIVE;
				GCC_WARN_UNUSED_FUNCTION = YES;
				GCC_WARN_UNUSED_VARIABLE = YES;
				IPHONEOS_DEPLOYMENT_TARGET = 13.2;
				MTL_ENABLE_DEBUG_INFO = NO;
				MTL_FAST_MATH = YES;
				SDKROOT = iphoneos;
				SWIFT_COMPILATION_MODE = wholemodule;
				SWIFT_OPTIMIZATION_LEVEL = "-O";
				VALIDATE_PRODUCT = YES;
			};
			name = Release;
		};
		773DA94E238CB9D1009333A0 /* Debug */ = {
			isa = XCBuildConfiguration;
			buildSettings = {
				ASSETCATALOG_COMPILER_APPICON_NAME = AppIcon;
				CODE_SIGN_STYLE = Automatic;
				DEVELOPMENT_TEAM = 6AY5G84ET7;
				INFOPLIST_FILE = "UnKnown Project/Info.plist";
				LD_RUNPATH_SEARCH_PATHS = (
					"$(inherited)",
					"@executable_path/Frameworks",
				);
				PRODUCT_BUNDLE_IDENTIFIER = "com.modrame.herokuapp.UnKnown-Project";
				PRODUCT_NAME = "$(TARGET_NAME)";
				SWIFT_VERSION = 5.0;
				TARGETED_DEVICE_FAMILY = 1;
			};
			name = Debug;
		};
		773DA94F238CB9D1009333A0 /* Release */ = {
			isa = XCBuildConfiguration;
			buildSettings = {
				ASSETCATALOG_COMPILER_APPICON_NAME = AppIcon;
				CODE_SIGN_STYLE = Automatic;
				DEVELOPMENT_TEAM = 6AY5G84ET7;
				INFOPLIST_FILE = "UnKnown Project/Info.plist";
				LD_RUNPATH_SEARCH_PATHS = (
					"$(inherited)",
					"@executable_path/Frameworks",
				);
				PRODUCT_BUNDLE_IDENTIFIER = "com.modrame.herokuapp.UnKnown-Project";
				PRODUCT_NAME = "$(TARGET_NAME)";
				SWIFT_VERSION = 5.0;
				TARGETED_DEVICE_FAMILY = 1;
			};
			name = Release;
		};
/* End XCBuildConfiguration section */

/* Begin XCConfigurationList section */
		773DA934238CB9D0009333A0 /* Build configuration list for PBXProject "UnKnown Project" */ = {
			isa = XCConfigurationList;
			buildConfigurations = (
				773DA94B238CB9D1009333A0 /* Debug */,
				773DA94C238CB9D1009333A0 /* Release */,
			);
			defaultConfigurationIsVisible = 0;
			defaultConfigurationName = Release;
		};
		773DA94D238CB9D1009333A0 /* Build configuration list for PBXNativeTarget "UnKnown Project" */ = {
			isa = XCConfigurationList;
			buildConfigurations = (
				773DA94E238CB9D1009333A0 /* Debug */,
				773DA94F238CB9D1009333A0 /* Release */,
			);
			defaultConfigurationIsVisible = 0;
			defaultConfigurationName = Release;
		};
/* End XCConfigurationList section */
	};
	rootObject = 773DA931238CB9D0009333A0 /* Project object */;
}
