// !$*UTF8*$!
{
	archiveVersion = 1;
	classes = {
	};
	objectVersion = 50;
	objects = {

/* Begin PBXBuildFile section */
		7700416C23A8762200A02059 /* gif copy.gif in Resources */ = {isa = PBXBuildFile; fileRef = 7700416B23A8762200A02059 /* gif copy.gif */; };
		7700416F23A87E6900A02059 /* ThumPreess.swift in Sources */ = {isa = PBXBuildFile; fileRef = 7700416E23A87E6900A02059 /* ThumPreess.swift */; };
		7700417223A990AA00A02059 /* HeartAnimation.swift in Sources */ = {isa = PBXBuildFile; fileRef = 7700417123A990AA00A02059 /* HeartAnimation.swift */; };
		7700417523A9989100A02059 /* logInOutAnimation.swift in Sources */ = {isa = PBXBuildFile; fileRef = 7700417423A9989100A02059 /* logInOutAnimation.swift */; };
		77E6AB40239690B300FCD4E1 /* AppDelegate.swift in Sources */ = {isa = PBXBuildFile; fileRef = 77E6AB3F239690B300FCD4E1 /* AppDelegate.swift */; };
		77E6AB42239690B300FCD4E1 /* SceneDelegate.swift in Sources */ = {isa = PBXBuildFile; fileRef = 77E6AB41239690B300FCD4E1 /* SceneDelegate.swift */; };
		77E6AB47239690B300FCD4E1 /* Main.storyboard in Resources */ = {isa = PBXBuildFile; fileRef = 77E6AB45239690B300FCD4E1 /* Main.storyboard */; };
		77E6AB49239690B400FCD4E1 /* Assets.xcassets in Resources */ = {isa = PBXBuildFile; fileRef = 77E6AB48239690B400FCD4E1 /* Assets.xcassets */; };
		77E6AB4C239690B400FCD4E1 /* LaunchScreen.storyboard in Resources */ = {isa = PBXBuildFile; fileRef = 77E6AB4A239690B400FCD4E1 /* LaunchScreen.storyboard */; };
		77E6AB6523975FBD00FCD4E1 /* ViewController.swift in Sources */ = {isa = PBXBuildFile; fileRef = 77E6AB6423975FBD00FCD4E1 /* ViewController.swift */; };
/* End PBXBuildFile section */

/* Begin PBXFileReference section */
		7700416B23A8762200A02059 /* gif copy.gif */ = {isa = PBXFileReference; lastKnownFileType = image.gif; path = "gif copy.gif"; sourceTree = "<group>"; };
		7700416E23A87E6900A02059 /* ThumPreess.swift */ = {isa = PBXFileReference; lastKnownFileType = sourcecode.swift; path = ThumPreess.swift; sourceTree = "<group>"; };
		7700417123A990AA00A02059 /* HeartAnimation.swift */ = {isa = PBXFileReference; lastKnownFileType = sourcecode.swift; path = HeartAnimation.swift; sourceTree = "<group>"; };
		7700417423A9989100A02059 /* logInOutAnimation.swift */ = {isa = PBXFileReference; lastKnownFileType = sourcecode.swift; path = logInOutAnimation.swift; sourceTree = "<group>"; };
		77E6AB3C239690B300FCD4E1 /* makeDate.app */ = {isa = PBXFileReference; explicitFileType = wrapper.application; includeInIndex = 0; path = makeDate.app; sourceTree = BUILT_PRODUCTS_DIR; };
		77E6AB3F239690B300FCD4E1 /* AppDelegate.swift */ = {isa = PBXFileReference; lastKnownFileType = sourcecode.swift; path = AppDelegate.swift; sourceTree = "<group>"; };
		77E6AB41239690B300FCD4E1 /* SceneDelegate.swift */ = {isa = PBXFileReference; lastKnownFileType = sourcecode.swift; path = SceneDelegate.swift; sourceTree = "<group>"; };
		77E6AB46239690B300FCD4E1 /* Base */ = {isa = PBXFileReference; lastKnownFileType = file.storyboard; name = Base; path = Base.lproj/Main.storyboard; sourceTree = "<group>"; };
		77E6AB48239690B400FCD4E1 /* Assets.xcassets */ = {isa = PBXFileReference; lastKnownFileType = folder.assetcatalog; path = Assets.xcassets; sourceTree = "<group>"; };
		77E6AB4B239690B400FCD4E1 /* Base */ = {isa = PBXFileReference; lastKnownFileType = file.storyboard; name = Base; path = Base.lproj/LaunchScreen.storyboard; sourceTree = "<group>"; };
		77E6AB4D239690B400FCD4E1 /* Info.plist */ = {isa = PBXFileReference; lastKnownFileType = text.plist.xml; name = Info.plist; path = makeDate/Info.plist; sourceTree = SOURCE_ROOT; };
		77E6AB6423975FBD00FCD4E1 /* ViewController.swift */ = {isa = PBXFileReference; lastKnownFileType = sourcecode.swift; path = ViewController.swift; sourceTree = "<group>"; };
/* End PBXFileReference section */

/* Begin PBXFrameworksBuildPhase section */
		77E6AB39239690B300FCD4E1 /* Frameworks */ = {
			isa = PBXFrameworksBuildPhase;
			buildActionMask = 2147483647;
			files = (
			);
			runOnlyForDeploymentPostprocessing = 0;
		};
/* End PBXFrameworksBuildPhase section */

/* Begin PBXGroup section */
		7700416D23A87D7300A02059 /* thumPressCustomeClass */ = {
			isa = PBXGroup;
			children = (
				7700416E23A87E6900A02059 /* ThumPreess.swift */,
			);
			path = thumPressCustomeClass;
			sourceTree = "<group>";
		};
		7700417023A9906300A02059 /* HeartAnimation */ = {
			isa = PBXGroup;
			children = (
				7700417123A990AA00A02059 /* HeartAnimation.swift */,
			);
			path = HeartAnimation;
			sourceTree = "<group>";
		};
		7700417323A9983D00A02059 /* LoginOutbuttonsAnimation */ = {
			isa = PBXGroup;
			children = (
				7700417423A9989100A02059 /* logInOutAnimation.swift */,
			);
			path = LoginOutbuttonsAnimation;
			sourceTree = "<group>";
		};
		770373C72398B8FF003919A1 /* Models */ = {
			isa = PBXGroup;
			children = (
			);
			path = Models;
			sourceTree = "<group>";
		};
		770373C92398B92E003919A1 /* Views */ = {
			isa = PBXGroup;
			children = (
				77E6AB45239690B300FCD4E1 /* Main.storyboard */,
				7700417323A9983D00A02059 /* LoginOutbuttonsAnimation */,
				7700417023A9906300A02059 /* HeartAnimation */,
				7700416D23A87D7300A02059 /* thumPressCustomeClass */,
			);
			path = Views;
			sourceTree = "<group>";
		};
		770373CA2398B93E003919A1 /* Controllers */ = {
			isa = PBXGroup;
			children = (
				77E6AB6423975FBD00FCD4E1 /* ViewController.swift */,
			);
			path = Controllers;
			sourceTree = "<group>";
		};
		77E6AB33239690B300FCD4E1 = {
			isa = PBXGroup;
			children = (
				77E6AB3E239690B300FCD4E1 /* makeDate */,
				77E6AB3D239690B300FCD4E1 /* Products */,
				7700416B23A8762200A02059 /* gif copy.gif */,
			);
			sourceTree = "<group>";
		};
		77E6AB3D239690B300FCD4E1 /* Products */ = {
			isa = PBXGroup;
			children = (
				77E6AB3C239690B300FCD4E1 /* makeDate.app */,
			);
			name = Products;
			sourceTree = "<group>";
		};
		77E6AB3E239690B300FCD4E1 /* makeDate */ = {
			isa = PBXGroup;
			children = (
				77E6AB4D239690B400FCD4E1 /* Info.plist */,
				77E6AB3F239690B300FCD4E1 /* AppDelegate.swift */,
				77E6AB41239690B300FCD4E1 /* SceneDelegate.swift */,
				770373C72398B8FF003919A1 /* Models */,
				770373C92398B92E003919A1 /* Views */,
				770373CA2398B93E003919A1 /* Controllers */,
				77E6AB48239690B400FCD4E1 /* Assets.xcassets */,
				77E6AB4A239690B400FCD4E1 /* LaunchScreen.storyboard */,
			);
			path = makeDate;
			sourceTree = "<group>";
		};
/* End PBXGroup section */

/* Begin PBXNativeTarget section */
		77E6AB3B239690B300FCD4E1 /* makeDate */ = {
			isa = PBXNativeTarget;
			buildConfigurationList = 77E6AB50239690B400FCD4E1 /* Build configuration list for PBXNativeTarget "makeDate" */;
			buildPhases = (
				77E6AB38239690B300FCD4E1 /* Sources */,
				77E6AB39239690B300FCD4E1 /* Frameworks */,
				77E6AB3A239690B300FCD4E1 /* Resources */,
			);
			buildRules = (
			);
			dependencies = (
			);
			name = makeDate;
			productName = makeDate;
			productReference = 77E6AB3C239690B300FCD4E1 /* makeDate.app */;
			productType = "com.apple.product-type.application";
		};
/* End PBXNativeTarget section */

/* Begin PBXProject section */
		77E6AB34239690B300FCD4E1 /* Project object */ = {
			isa = PBXProject;
			attributes = {
				LastSwiftUpdateCheck = 1120;
				LastUpgradeCheck = 1120;
				ORGANIZATIONNAME = "Mo Drame";
				TargetAttributes = {
					77E6AB3B239690B300FCD4E1 = {
						CreatedOnToolsVersion = 11.2.1;
					};
				};
			};
			buildConfigurationList = 77E6AB37239690B300FCD4E1 /* Build configuration list for PBXProject "makeDate" */;
			compatibilityVersion = "Xcode 9.3";
			developmentRegion = en;
			hasScannedForEncodings = 0;
			knownRegions = (
				en,
				Base,
			);
			mainGroup = 77E6AB33239690B300FCD4E1;
			productRefGroup = 77E6AB3D239690B300FCD4E1 /* Products */;
			projectDirPath = "";
			projectRoot = "";
			targets = (
				77E6AB3B239690B300FCD4E1 /* makeDate */,
			);
		};
/* End PBXProject section */

/* Begin PBXResourcesBuildPhase section */
		77E6AB3A239690B300FCD4E1 /* Resources */ = {
			isa = PBXResourcesBuildPhase;
			buildActionMask = 2147483647;
			files = (
				77E6AB4C239690B400FCD4E1 /* LaunchScreen.storyboard in Resources */,
				7700416C23A8762200A02059 /* gif copy.gif in Resources */,
				77E6AB49239690B400FCD4E1 /* Assets.xcassets in Resources */,
				77E6AB47239690B300FCD4E1 /* Main.storyboard in Resources */,
			);
			runOnlyForDeploymentPostprocessing = 0;
		};
/* End PBXResourcesBuildPhase section */

/* Begin PBXSourcesBuildPhase section */
		77E6AB38239690B300FCD4E1 /* Sources */ = {
			isa = PBXSourcesBuildPhase;
			buildActionMask = 2147483647;
			files = (
				77E6AB40239690B300FCD4E1 /* AppDelegate.swift in Sources */,
				77E6AB42239690B300FCD4E1 /* SceneDelegate.swift in Sources */,
				77E6AB6523975FBD00FCD4E1 /* ViewController.swift in Sources */,
				7700417223A990AA00A02059 /* HeartAnimation.swift in Sources */,
				7700416F23A87E6900A02059 /* ThumPreess.swift in Sources */,
				7700417523A9989100A02059 /* logInOutAnimation.swift in Sources */,
			);
			runOnlyForDeploymentPostprocessing = 0;
		};
/* End PBXSourcesBuildPhase section */

/* Begin PBXVariantGroup section */
		77E6AB45239690B300FCD4E1 /* Main.storyboard */ = {
			isa = PBXVariantGroup;
			children = (
				77E6AB46239690B300FCD4E1 /* Base */,
			);
			name = Main.storyboard;
			sourceTree = "<group>";
		};
		77E6AB4A239690B400FCD4E1 /* LaunchScreen.storyboard */ = {
			isa = PBXVariantGroup;
			children = (
				77E6AB4B239690B400FCD4E1 /* Base */,
			);
			name = LaunchScreen.storyboard;
			sourceTree = "<group>";
		};
/* End PBXVariantGroup section */

/* Begin XCBuildConfiguration section */
		77E6AB4E239690B400FCD4E1 /* Debug */ = {
			isa = XCBuildConfiguration;
			buildSettings = {
				ALWAYS_SEARCH_USER_PATHS = NO;
				CLANG_ANALYZER_NONNULL = YES;
				CLANG_ANALYZER_NUMBER_OBJECT_CONVERSION = YES_AGGRESSIVE;
				CLANG_CXX_LANGUAGE_STANDARD = "gnu++14";
				CLANG_CXX_LIBRARY = "libc++";
				CLANG_ENABLE_MODULES = YES;
				CLANG_ENABLE_OBJC_ARC = YES;
				CLANG_ENABLE_OBJC_WEAK = YES;
				CLANG_WARN_BLOCK_CAPTURE_AUTORELEASING = YES;
				CLANG_WARN_BOOL_CONVERSION = YES;
				CLANG_WARN_COMMA = YES;
				CLANG_WARN_CONSTANT_CONVERSION = YES;
				CLANG_WARN_DEPRECATED_OBJC_IMPLEMENTATIONS = YES;
				CLANG_WARN_DIRECT_OBJC_ISA_USAGE = YES_ERROR;
				CLANG_WARN_DOCUMENTATION_COMMENTS = YES;
				CLANG_WARN_EMPTY_BODY = YES;
				CLANG_WARN_ENUM_CONVERSION = YES;
				CLANG_WARN_INFINITE_RECURSION = YES;
				CLANG_WARN_INT_CONVERSION = YES;
				CLANG_WARN_NON_LITERAL_NULL_CONVERSION = YES;
				CLANG_WARN_OBJC_IMPLICIT_RETAIN_SELF = YES;
				CLANG_WARN_OBJC_LITERAL_CONVERSION = YES;
				CLANG_WARN_OBJC_ROOT_CLASS = YES_ERROR;
				CLANG_WARN_RANGE_LOOP_ANALYSIS = YES;
				CLANG_WARN_STRICT_PROTOTYPES = YES;
				CLANG_WARN_SUSPICIOUS_MOVE = YES;
				CLANG_WARN_UNGUARDED_AVAILABILITY = YES_AGGRESSIVE;
				CLANG_WARN_UNREACHABLE_CODE = YES;
				CLANG_WARN__DUPLICATE_METHOD_MATCH = YES;
				COPY_PHASE_STRIP = NO;
				DEBUG_INFORMATION_FORMAT = dwarf;
				ENABLE_STRICT_OBJC_MSGSEND = YES;
				ENABLE_TESTABILITY = YES;
				GCC_C_LANGUAGE_STANDARD = gnu11;
				GCC_DYNAMIC_NO_PIC = NO;
				GCC_NO_COMMON_BLOCKS = YES;
				GCC_OPTIMIZATION_LEVEL = 0;
				GCC_PREPROCESSOR_DEFINITIONS = (
					"DEBUG=1",
					"$(inherited)",
				);
				GCC_WARN_64_TO_32_BIT_CONVERSION = YES;
				GCC_WARN_ABOUT_RETURN_TYPE = YES_ERROR;
				GCC_WARN_UNDECLARED_SELECTOR = YES;
				GCC_WARN_UNINITIALIZED_AUTOS = YES_AGGRESSIVE;
				GCC_WARN_UNUSED_FUNCTION = YES;
				GCC_WARN_UNUSED_VARIABLE = YES;
				IPHONEOS_DEPLOYMENT_TARGET = 13.2;
				MTL_ENABLE_DEBUG_INFO = INCLUDE_SOURCE;
				MTL_FAST_MATH = YES;
				ONLY_ACTIVE_ARCH = YES;
				SDKROOT = iphoneos;
				SWIFT_ACTIVE_COMPILATION_CONDITIONS = DEBUG;
				SWIFT_OPTIMIZATION_LEVEL = "-Onone";
			};
			name = Debug;
		};
		77E6AB4F239690B400FCD4E1 /* Release */ = {
			isa = XCBuildConfiguration;
			buildSettings = {
				ALWAYS_SEARCH_USER_PATHS = NO;
				CLANG_ANALYZER_NONNULL = YES;
				CLANG_ANALYZER_NUMBER_OBJECT_CONVERSION = YES_AGGRESSIVE;
				CLANG_CXX_LANGUAGE_STANDARD = "gnu++14";
				CLANG_CXX_LIBRARY = "libc++";
				CLANG_ENABLE_MODULES = YES;
				CLANG_ENABLE_OBJC_ARC = YES;
				CLANG_ENABLE_OBJC_WEAK = YES;
				CLANG_WARN_BLOCK_CAPTURE_AUTORELEASING = YES;
				CLANG_WARN_BOOL_CONVERSION = YES;
				CLANG_WARN_COMMA = YES;
				CLANG_WARN_CONSTANT_CONVERSION = YES;
				CLANG_WARN_DEPRECATED_OBJC_IMPLEMENTATIONS = YES;
				CLANG_WARN_DIRECT_OBJC_ISA_USAGE = YES_ERROR;
				CLANG_WARN_DOCUMENTATION_COMMENTS = YES;
				CLANG_WARN_EMPTY_BODY = YES;
				CLANG_WARN_ENUM_CONVERSION = YES;
				CLANG_WARN_INFINITE_RECURSION = YES;
				CLANG_WARN_INT_CONVERSION = YES;
				CLANG_WARN_NON_LITERAL_NULL_CONVERSION = YES;
				CLANG_WARN_OBJC_IMPLICIT_RETAIN_SELF = YES;
				CLANG_WARN_OBJC_LITERAL_CONVERSION = YES;
				CLANG_WARN_OBJC_ROOT_CLASS = YES_ERROR;
				CLANG_WARN_RANGE_LOOP_ANALYSIS = YES;
				CLANG_WARN_STRICT_PROTOTYPES = YES;
				CLANG_WARN_SUSPICIOUS_MOVE = YES;
				CLANG_WARN_UNGUARDED_AVAILABILITY = YES_AGGRESSIVE;
				CLANG_WARN_UNREACHABLE_CODE = YES;
				CLANG_WARN__DUPLICATE_METHOD_MATCH = YES;
				COPY_PHASE_STRIP = NO;
				DEBUG_INFORMATION_FORMAT = "dwarf-with-dsym";
				ENABLE_NS_ASSERTIONS = NO;
				ENABLE_STRICT_OBJC_MSGSEND = YES;
				GCC_C_LANGUAGE_STANDARD = gnu11;
				GCC_NO_COMMON_BLOCKS = YES;
				GCC_WARN_64_TO_32_BIT_CONVERSION = YES;
				GCC_WARN_ABOUT_RETURN_TYPE = YES_ERROR;
				GCC_WARN_UNDECLARED_SELECTOR = YES;
				GCC_WARN_UNINITIALIZED_AUTOS = YES_AGGRESSIVE;
				GCC_WARN_UNUSED_FUNCTION = YES;
				GCC_WARN_UNUSED_VARIABLE = YES;
				IPHONEOS_DEPLOYMENT_TARGET = 13.2;
				MTL_ENABLE_DEBUG_INFO = NO;
				MTL_FAST_MATH = YES;
				SDKROOT = iphoneos;
				SWIFT_COMPILATION_MODE = wholemodule;
				SWIFT_OPTIMIZATION_LEVEL = "-O";
				VALIDATE_PRODUCT = YES;
			};
			name = Release;
		};
		77E6AB51239690B400FCD4E1 /* Debug */ = {
			isa = XCBuildConfiguration;
			buildSettings = {
				ASSETCATALOG_COMPILER_APPICON_NAME = AppIcon;
				CODE_SIGN_STYLE = Automatic;
				DEVELOPMENT_TEAM = 6AY5G84ET7;
				INFOPLIST_FILE = makeDate/Info.plist;
				LD_RUNPATH_SEARCH_PATHS = (
					"$(inherited)",
					"@executable_path/Frameworks",
				);
				PRODUCT_BUNDLE_IDENTIFIER = com.modrame.herokuapp.makeDate;
				PRODUCT_NAME = "$(TARGET_NAME)";
				SWIFT_VERSION = 5.0;
				TARGETED_DEVICE_FAMILY = 1;
			};
			name = Debug;
		};
		77E6AB52239690B400FCD4E1 /* Release */ = {
			isa = XCBuildConfiguration;
			buildSettings = {
				ASSETCATALOG_COMPILER_APPICON_NAME = AppIcon;
				CODE_SIGN_STYLE = Automatic;
				DEVELOPMENT_TEAM = 6AY5G84ET7;
				INFOPLIST_FILE = makeDate/Info.plist;
				LD_RUNPATH_SEARCH_PATHS = (
					"$(inherited)",
					"@executable_path/Frameworks",
				);
				PRODUCT_BUNDLE_IDENTIFIER = com.modrame.herokuapp.makeDate;
				PRODUCT_NAME = "$(TARGET_NAME)";
				SWIFT_VERSION = 5.0;
				TARGETED_DEVICE_FAMILY = 1;
			};
			name = Release;
		};
/* End XCBuildConfiguration section */

/* Begin XCConfigurationList section */
		77E6AB37239690B300FCD4E1 /* Build configuration list for PBXProject "makeDate" */ = {
			isa = XCConfigurationList;
			buildConfigurations = (
				77E6AB4E239690B400FCD4E1 /* Debug */,
				77E6AB4F239690B400FCD4E1 /* Release */,
			);
			defaultConfigurationIsVisible = 0;
			defaultConfigurationName = Release;
		};
		77E6AB50239690B400FCD4E1 /* Build configuration list for PBXNativeTarget "makeDate" */ = {
			isa = XCConfigurationList;
			buildConfigurations = (
				77E6AB51239690B400FCD4E1 /* Debug */,
				77E6AB52239690B400FCD4E1 /* Release */,
			);
			defaultConfigurationIsVisible = 0;
			defaultConfigurationName = Release;
		};
/* End XCConfigurationList section */
	};
	rootObject = 77E6AB34239690B300FCD4E1 /* Project object */;
}
